{
    "_meta": {
        "hash": {
            "sha256": "9598d0a2318acd25ed9810dfd0b6430605904170a7630cd64e4b9abc07d063ee"
        },
        "pipfile-spec": 6,
        "requires": {
            "python_version": "3.7"
        },
        "sources": [
            {
                "name": "pypi",
                "url": "https://pypi.org/simple",
                "verify_ssl": true
            }
        ]
    },
    "default": {
        "absl-py": {
            "hashes": [
                "sha256:673cccb88d810e5627d0c1c818158485d106f65a583880e2f730c997399bcfa7",
                "sha256:b3d9eb5119ff6e0a0125f6dabf2f9fae02f8acae7be70576002fac27235611c5"
            ],
            "version": "==0.11.0"
        },
        "appdirs": {
            "hashes": [
                "sha256:7d5d0167b2b1ba821647616af46a749d1c653740dd0d2415100fe26e27afdf41",
                "sha256:a841dacd6b99318a741b166adb07e19ee71a274450e68237b4650ca1055ab128"
            ],
            "version": "==1.4.4"
        },
        "astor": {
            "hashes": [
                "sha256:070a54e890cefb5b3739d19f30f5a5ec840ffc9c50ffa7d23cc9fc1a38ebbfc5",
                "sha256:6a6effda93f4e1ce9f618779b2dd1d9d84f1e32812c23a29b3fff6fd7f63fa5e"
            ],
            "version": "==0.8.1"
        },
        "black": {
            "hashes": [
                "sha256:1c02557aa099101b9d21496f8a914e9ed2222ef70336404eeeac8edba836fbea"
            ],
            "index": "pypi",
            "version": "==20.8b1"
        },
        "click": {
            "hashes": [
                "sha256:d2b5255c7c6349bc1bd1e59e08cd12acbbd63ce649f2588755783aa94dfb6b1a",
                "sha256:dacca89f4bfadd5de3d7489b7c8a566eee0d3676333fbb50030263894c38c0dc"
            ],
            "version": "==7.1.2"
        },
        "cycler": {
            "hashes": [
                "sha256:1d8a5ae1ff6c5cf9b93e8811e581232ad8920aeec647c37316ceac982b08cb2d",
                "sha256:cd7b2d1018258d7247a71425e9f26463dfb444d411c39569972f4ce586b0c9d8"
            ],
            "version": "==0.10.0"
        },
        "gast": {
            "hashes": [
                "sha256:40feb7b8b8434785585ab224d1568b857edb18297e5a3047f1ba012bc83b42c1",
                "sha256:b7adcdd5adbebf1adf17378da5ba3f543684dbec47b1cda1f3997e573cd542c4"
            ],
            "version": "==0.4.0"
        },
        "google-pasta": {
            "hashes": [
                "sha256:4612951da876b1a10fe3960d7226f0c7682cf901e16ac06e473b267a5afa8954",
                "sha256:b32482794a366b5366a32c92a9a9201b107821889935a02b3e51f6b432ea84ed",
                "sha256:c9f2c8dfc8f96d0d5808299920721be30c9eec37f2389f28904f454565c8a16e"
            ],
            "version": "==0.2.0"
        },
        "grpcio": {
            "hashes": [
                "sha256:205eda06d8aeffc87a1e29ff1f090546adf0b6e766378cc4c13686534397fdb4",
                "sha256:20606ec7c265f81c5a0226f69842dc8dde66d921968ab9448e59d440cf98bebf",
                "sha256:25958bd7c6773e6de79781cc0d6f19d0c82332984dd07ef238889e93485d5afc",
                "sha256:2ea864ae3d3abc99d3988d1d27dee3f6350b60149ccf810a89cd9a9d02a675d6",
                "sha256:2f54046ca2a81ff45ec8f6d3d7447ad562adb067c3640c35354e440fd771b625",
                "sha256:2fd4a80f267aa258f5a74df5fe243eff80299a4f5b356c1da53f6f5793bbbf4b",
                "sha256:32ad56f6d3d7e699f9a0d62719f2de9092e79f444d875d70f58cf7f8bb19684c",
                "sha256:32fbc78d558d9468a4b16f79f4130daec8e431bc7a3b1775b0e98f09a7ab45a2",
                "sha256:43fafebcc2e81d012f7147a0ddf9be69864c40fc4edd9844937eba0020508297",
                "sha256:49da07ae43c552280b8b4c70617f9b589588404c2545d6eba2c55179b3d836af",
                "sha256:4a2c85cd4a67c36fe12535fe32eb336635843d1eb31d3fa301444e60a8df9c90",
                "sha256:50c4f10e7deff96d197bc6d1988c2a5a0bc6252bbd31d7fb374ce8923f937e7a",
                "sha256:57a30f9df0f5342e4dad384e7023b9f88742c325838da977828c37f49eb8940a",
                "sha256:5b105adb44486fb594b8d8142b5d4fbe50cb125c77ac7d270f5d0277ce5c554a",
                "sha256:5d8108b240fd5b8a0483f95ab2651fe2d633311faae93a12938ea06cf61a5efd",
                "sha256:5e8e6035d4f9ab856ab437e381e652b31dfd42443d2243d45bdf4b90adaf3559",
                "sha256:69127393fc3513da228bc3908914df2284923e0eacf8d73f21ad387317450317",
                "sha256:6fafdba42c26bbdf78948c09a93a8b3a8a509c66c6b4324bc1fb360bf4e82b9d",
                "sha256:72b6a89aabf937d706946230f5aa13bdf7d2a42874810fa54436c647577b543e",
                "sha256:843436e69c37eb45b0285fa42f7acc06d147f2e9c1d515b0f901e94d40107e79",
                "sha256:8d92e884f6d67b9a2a4514631d3c9836281044caedb5fd34d4ce2bbec138c87d",
                "sha256:923a3b18badc3749c4d715216934f62f46a818790e325ece6184d07e7d6c7f73",
                "sha256:924d5e8b18942ebea1260e60be7e2bde2a3587ea386190b442790f84180bf372",
                "sha256:9550b7c9d2f11579b484accc6183e02ebe33ce80a0ff15f5c28895df6b3d3108",
                "sha256:9579f22222ac89ceee64c1101cced6434d9f6b12078b43ece0f9d8ebdb657f73",
                "sha256:95de4ad9ae39590668e3330d414253f672aedd46cc107d7f71b4a2268f3d6066",
                "sha256:98b0b6e44c451093354a38b620e6e0df958b0710abd6a0ddd84da84424bce003",
                "sha256:a1024006fe61ee7e43e7099faf08f4508ea0c944a1558e8d715a5b4556937ace",
                "sha256:a403ed4d8fcc441a2c2ec9ede838b0ae5f9da996d950cf2ff9f82242b496e0a7",
                "sha256:bbd3522f821fb5d01049db214fb9f949a8b2d92761c2780a20ff73818efd5360",
                "sha256:bd7634f8c49c8467fec5fd9e0d1abb205b0aa61670ff0113ef835ca6548aad3d",
                "sha256:bda0f52eb1279a7119526df2ef33ea2808691120daf9effaf60ca0c07f76058a",
                "sha256:beef6be49ada569edf3b73fd4eb57d6c2af7e10c0c82a210dbe51de7c4a1ed53",
                "sha256:c88ce184973fe2035ffa176eb08cd492db090505e6b1ddc68b5cc1e0b01a07a0",
                "sha256:c89b6a3eca8eae10eea78896ccfdc9d04aa2f7b2ee96de20246e5c96494c68f5",
                "sha256:d16f7f5a10bf24640fa639974d409c220e587b3e2fa2620af00d43ba36dafc2c",
                "sha256:dc45f5750ce50f34f20a0607efae5c797d01681a44465b8287bebef1e9847d5b",
                "sha256:dea35dcf09aee91552cb4b3e250efdbcb79564b5b5517246bcbead8d5871e291",
                "sha256:dfa098a6ff8d1b68ed7bd655150ee91f57c29042c093ff51113176aded3f0071",
                "sha256:e238a554f29d90b0e7fca15e8119b9a7c5f88faacbf9b982751ad54d639b57f8",
                "sha256:e2ffa46db9103706640c74886ac23ed18d1487a8523cc128da239e1d5a4e3301",
                "sha256:e69ac6fc9096bbb43f5276655661db746233cd320808e0d302198eb43dc7bd04",
                "sha256:e95bda60c584b3deb5c37babb44d4300cf4bf3a6c43198a244ddcaddca3fde3a",
                "sha256:f2e4d64675351a058f9cb35fe390ca0956bd2926171bfb7c87596a1ee10ff6ba",
                "sha256:f98f746cacbaa681de0bcd90d7aa77b440e3e1327a9988f6a2b580d54e27d4c3",
                "sha256:fa834f4c70b9df83d5af610097747c224513d59af1f03e8c06bca9a7d81fd1a3"
            ],
            "version": "==1.34.0"
        },
        "h5py": {
            "hashes": [
                "sha256:0f8cd2acbacf3177b4427ed42639c911667b1f24d923388ab1f8ad466a12be5e",
                "sha256:11277e3879098f921ee9e29105b20591e1dfdd44963357399f2abaa1a280c560",
                "sha256:1241dec0c94ac32f3285cac1d6f44beabf80423e422ab03bd2686d731a8a9294",
                "sha256:17b8187de0b3a945d8e8d031e7eb6ece2fce90791f9c5fde36f4396bf38fdde1",
                "sha256:2f30007d0796788a454c1293262f19f25e6428317d3d386f78138fba2a44e37d",
                "sha256:308e0758587ee16d4e73e7f2f8aae8351091e343bf0a43d2f697f9535465c816",
                "sha256:37cacddf0e8209905f52537a8cf71da0dd9a4de62bd79247274c97b24a408997",
                "sha256:38a23bb599748adf23d77f74885c0de6f4a7d9baa42f74e476bbf90fba2b47dd",
                "sha256:47ab18b7b7bbc36fd2b606289b703b6f0ee915b923d6ad94dd17ac80ebffc280",
                "sha256:486c78330af0bf33f5077b51d1888c0739c3cd1a03d5aade0d48572b3b5690ca",
                "sha256:4e2183458d6ef1ae87dfb5d6acd0786359336cd9ac0ece6396c09b59fdaa3bd6",
                "sha256:51d0595c3e58814c831f6cd2b664a5bf9590e26262c1d541b380d041e4fcb3c0",
                "sha256:56d259d56822b70881760b243957f04a0cf133f0ec65eae6a33f562826aee899",
                "sha256:5e6e777653169a3cc24ea56bb3d8c845ea391f8914c35bb6f350b0753a52891c",
                "sha256:62bfb0ebb0f59e5dccc0b0dbbc0fc40dd1d1e09d04c0dc71f89790231531d4a2",
                "sha256:67d89b64debfa021b54aa6f24bbf008403bd144748a0148596b518bce80d2fc4",
                "sha256:6bf38571f555fa214493ec6349d29024cc5f313bf1715b09f236c553fd22ae4d",
                "sha256:9214ca445c18a37bfe9c165982c0e317e2f21f035c8d635d1c6d9fcbaf35b7a8",
                "sha256:ab0c52850428d2e86029935389379c2c97f752e76b616da851deec8a4484f8ec",
                "sha256:b2eff336697d8dfd712c5d93fef9f4e4d3e97d9d8c258801836b8664a239e07a",
                "sha256:bb33fabc0b8f3fe3bb0f8d6821b2fad5b2a64c27a0808e8d1c5c1e3362062064",
                "sha256:bd5353ab342bae1262b04745934cc1565df4cbc8d6a979a0c98f42209bd5c265",
                "sha256:bd73444efd1ac06dac27b8405bbe8791a02fd1bc8a2fa0e575257f90b7b57467",
                "sha256:bd932236a2ef91a75fee5d7f4ace80ab494c5a59cd092a67c9785ddb7fdc218c",
                "sha256:c45650de228ace7731e4280e14fb687f6d5c29cd666c5b22b42492b035e994d6",
                "sha256:d5c0c01da45f901a3d429e7ef9e7e22baa869e1affb8715f1bf94e6a30020740",
                "sha256:d75035db5bde802a29f4f29f18bb7548863d29ac90ccbf2c04c11799bbbba2c3",
                "sha256:dda88206dc9464923f27f601000bc5b152ac0bd6d0122f098d4f239150a70076",
                "sha256:e1c2ac5d0aa232c0f60fecc6bd1122346885086a176f939b91058c4c980cc226",
                "sha256:e626c65a8587921ebc7fb8d31a49addfdd0b9a9aa96315ea484c09803337b955"
            ],
            "index": "pypi",
            "version": "==2.8.0"
        },
        "importlib-metadata": {
            "hashes": [
                "sha256:5c5a2720817414a6c41f0a49993908068243ae02c1635a228126519b509c8aed",
                "sha256:bf792d480abbd5eda85794e4afb09dd538393f7d6e6ffef6e9f03d2014cf9450"
            ],
            "markers": "python_version < '3.8'",
            "version": "==3.3.0"
        },
        "joblib": {
            "hashes": [
                "sha256:75ead23f13484a2a414874779d69ade40d4fa1abe62b222a23cd50d4bc822f6f",
                "sha256:7ad866067ac1fdec27d51c8678ea760601b70e32ff1881d4dc8e1171f2b64b24"
            ],
            "version": "==1.0.0"
        },
        "keras": {
            "hashes": [
                "sha256:0fb448b95643a708d25d2394183a2f3a84eefb55fb64917152a46826990113ea",
                "sha256:5a75cfdf69c6cb9de81a82aa19542ac69a5c2e78a48a58c1649fc5cdb55c917c"
            ],
            "index": "pypi",
            "version": "==2.2.5"
        },
        "keras-applications": {
            "hashes": [
                "sha256:5579f9a12bcde9748f4a12233925a59b93b73ae6947409ff34aa2ba258189fe5",
                "sha256:df4323692b8c1174af821bf906f1e442e63fa7589bf0f1230a0b6bdc5a810c95"
            ],
            "version": "==1.0.8"
        },
        "keras-preprocessing": {
            "hashes": [
                "sha256:7b82029b130ff61cc99b55f3bd27427df4838576838c5b2f65940e4fcec99a7b",
                "sha256:add82567c50c8bc648c14195bf544a5ce7c1f76761536956c3d2978970179ef3"
            ],
            "version": "==1.1.2"
        },
        "kiwisolver": {
            "hashes": [
                "sha256:0cd53f403202159b44528498de18f9285b04482bab2a6fc3f5dd8dbb9352e30d",
                "sha256:1e1bc12fb773a7b2ffdeb8380609f4f8064777877b2225dec3da711b421fda31",
                "sha256:225e2e18f271e0ed8157d7f4518ffbf99b9450fca398d561eb5c4a87d0986dd9",
                "sha256:232c9e11fd7ac3a470d65cd67e4359eee155ec57e822e5220322d7b2ac84fbf0",
                "sha256:31dfd2ac56edc0ff9ac295193eeaea1c0c923c0355bf948fbd99ed6018010b72",
                "sha256:33449715e0101e4d34f64990352bce4095c8bf13bed1b390773fc0a7295967b3",
                "sha256:401a2e9afa8588589775fe34fc22d918ae839aaaf0c0e96441c0fdbce6d8ebe6",
                "sha256:44a62e24d9b01ba94ae7a4a6c3fb215dc4af1dde817e7498d901e229aaf50e4e",
                "sha256:50af681a36b2a1dee1d3c169ade9fdc59207d3c31e522519181e12f1b3ba7000",
                "sha256:563c649cfdef27d081c84e72a03b48ea9408c16657500c312575ae9d9f7bc1c3",
                "sha256:5989db3b3b34b76c09253deeaf7fbc2707616f130e166996606c284395da3f18",
                "sha256:5a7a7dbff17e66fac9142ae2ecafb719393aaee6a3768c9de2fd425c63b53e21",
                "sha256:5c3e6455341008a054cccee8c5d24481bcfe1acdbc9add30aa95798e95c65621",
                "sha256:5f6ccd3dd0b9739edcf407514016108e2280769c73a85b9e59aa390046dbf08b",
                "sha256:72c99e39d005b793fb7d3d4e660aed6b6281b502e8c1eaf8ee8346023c8e03bc",
                "sha256:78751b33595f7f9511952e7e60ce858c6d64db2e062afb325985ddbd34b5c131",
                "sha256:834ee27348c4aefc20b479335fd422a2c69db55f7d9ab61721ac8cd83eb78882",
                "sha256:8be8d84b7d4f2ba4ffff3665bcd0211318aa632395a1a41553250484a871d454",
                "sha256:950a199911a8d94683a6b10321f9345d5a3a8433ec58b217ace979e18f16e248",
                "sha256:a357fd4f15ee49b4a98b44ec23a34a95f1e00292a139d6015c11f55774ef10de",
                "sha256:a53d27d0c2a0ebd07e395e56a1fbdf75ffedc4a05943daf472af163413ce9598",
                "sha256:acef3d59d47dd85ecf909c359d0fd2c81ed33bdff70216d3956b463e12c38a54",
                "sha256:b38694dcdac990a743aa654037ff1188c7a9801ac3ccc548d3341014bc5ca278",
                "sha256:b9edd0110a77fc321ab090aaa1cfcaba1d8499850a12848b81be2222eab648f6",
                "sha256:c08e95114951dc2090c4a630c2385bef681cacf12636fb0241accdc6b303fd81",
                "sha256:c5518d51a0735b1e6cee1fdce66359f8d2b59c3ca85dc2b0813a8aa86818a030",
                "sha256:c8fd0f1ae9d92b42854b2979024d7597685ce4ada367172ed7c09edf2cef9cb8",
                "sha256:ca3820eb7f7faf7f0aa88de0e54681bddcb46e485beb844fcecbcd1c8bd01689",
                "sha256:cf8b574c7b9aa060c62116d4181f3a1a4e821b2ec5cbfe3775809474113748d4",
                "sha256:d3155d828dec1d43283bd24d3d3e0d9c7c350cdfcc0bd06c0ad1209c1bbc36d0",
                "sha256:f8d6f8db88049a699817fd9178782867bf22283e3813064302ac59f61d95be05",
                "sha256:fd34fbbfbc40628200730bc1febe30631347103fc8d3d4fa012c21ab9c11eca9"
            ],
            "version": "==1.3.1"
        },
        "markdown": {
            "hashes": [
                "sha256:5d9f2b5ca24bc4c7a390d22323ca4bad200368612b5aaa7796babf971d2b2f18",
                "sha256:c109c15b7dc20a9ac454c9e6025927d44460b85bd039da028d85e2b6d0bcc328"
            ],
            "version": "==3.3.3"
        },
        "matplotlib": {
            "hashes": [
                "sha256:1febd22afe1489b13c6749ea059d392c03261b2950d1d45c17e3aed812080c93",
                "sha256:31a30d03f39528c79f3a592857be62a08595dec4ac034978ecd0f814fa0eec2d",
                "sha256:4442ce720907f67a79d45de9ada47be81ce17e6c2f448b3c64765af93f6829c9",
                "sha256:796edbd1182cbffa7e1e7a97f1e141f875a8501ba8dd834269ae3cd45a8c976f",
                "sha256:934e6243df7165aad097572abf5b6003c77c9b6c480c3c4de6f2ef1b5fdd4ec0",
                "sha256:bab9d848dbf1517bc58d1f486772e99919b19efef5dd8596d4b26f9f5ee08b6b",
                "sha256:c1fe1e6cdaa53f11f088b7470c2056c0df7d80ee4858dadf6cbe433fcba4323b",
                "sha256:e5b8aeca9276a3a988caebe9f08366ed519fff98f77c6df5b64d7603d0e42e36",
                "sha256:ec6bd0a6a58df3628ff269978f4a4b924a0d371ad8ce1f8e2b635b99e482877a"
            ],
            "index": "pypi",
            "version": "==3.1.1"
        },
        "mypy-extensions": {
            "hashes": [
                "sha256:090fedd75945a69ae91ce1303b5824f428daf5a028d2f6ab8a299250a846f15d",
                "sha256:2d82818f5bb3e369420cb3c4060a7970edba416647068eb4c5343488a6c604a8"
            ],
            "version": "==0.4.3"
        },
        "numpy": {
            "hashes": [
                "sha256:00a458d6821b1e87be873f2126d5646b901047a7480e8ae9773ecf214f0e19f3",
                "sha256:0470c5dc32212a08ebc2405f32e8ceb9a5b1c8ac61a2daf9835ec0856a220495",
                "sha256:24a9c287a4a1c427c2d45bf7c4fc6180c52a08fa0990d4c94e4c86a9b1e23ba5",
                "sha256:25600e8901012180a1b7cd1ac3e27e7793586ecd432383191929ac2edf37ff5d",
                "sha256:2d279bd99329e72c30937bdef82b6dc7779c7607c5a379bab1bf76be1f4c1422",
                "sha256:32af2bcf4bb7631dac19736a6e092ec9715e770dcaa1f85fcd99dec5040b2a4d",
                "sha256:3e90a9fce378114b6c2fc01fff7423300515c7b54b7cc71b02a22bc0bd7dfdd8",
                "sha256:5774d49516c37fd3fc1f232e033d2b152f3323ca4c7bfefd7277e4c67f3c08b4",
                "sha256:64ff21aac30d40c20ba994c94a08d439b8ced3b9c704af897e9e4ba09d10e62c",
                "sha256:803b2af862dcad6c11231ea3cd1015d1293efd6c87088be33d713a9b23e9e419",
                "sha256:95c830b09626508f7808ce7f1344fb98068e63143e6050e5dc3063142fc60007",
                "sha256:96e49a0c82b4e3130093002f625545104037c2d25866fa2e0c90d6e54f5a1fbc",
                "sha256:a1dd8221f0e69038748f47b8bb3248d0b9ecdf13fe837440951c3d5ff72639bb",
                "sha256:a80ecac5664f420556a725a5646f2d1c60a7c0489d68a38b5056393e949e27ac",
                "sha256:b19a47ff1bd2fca0cacdfa830c967746764c32dca6a0c0328d9c893f4bfe2f6b",
                "sha256:be43df2c563e264b38e3318574d80fc8f365df3fb745270934d2dbe54e006f41",
                "sha256:c40cb17188f6ae3c5b6efc6f0fd43a7ddd219b7807fe179e71027849a9b91afc",
                "sha256:c6251e0f0ecac53ba2b99d9f0cc16fa9021914a78869c38213c436ba343641f0",
                "sha256:cb189bd98b2e7ac02df389b6212846ab20661f4bafe16b5a70a6f1728c1cc7cb",
                "sha256:ef4ae41add536cb825d8aa029c15ef510aead06ea5b68daea64f0b9ecbff17db",
                "sha256:f00a2c21f60284e024bba351875f3501c6d5817d64997a0afe4f4355161a8889",
                "sha256:f1232f98a6bbd6d1678249f94028bccc541bbc306aa5c4e1471a881b0e5a3409",
                "sha256:fea682f6ddc09517df0e6d5caad9613c6d91a42232aeb082df67e4d205de19cc"
            ],
            "index": "pypi",
            "version": "==1.16.0"
        },
        "opencv-contrib-python": {
            "hashes": [
                "sha256:08bc85b34652af8b58695473fbcd3859175267d6fd94af0fd22e9209797c724b",
                "sha256:0c66cfb3003b3121ffa10e5e8e9df3f9c9695ea58737cc1cc3148050da262abb",
                "sha256:12689a33d8e33b79904e0b843c2e987f9b8fe146b6156c5bbd26d8df0728b7a7",
                "sha256:17b8e7ae829c6fcf427abd34e378fca129fbf3b43a57e46b1f2d582b44e8a11e",
                "sha256:1ec1f062926520eee82f6ae0502bbe7252b2be08ea0d2b8303387f2d8846a04c",
                "sha256:2291c5d3f7ff58643d4357009776c4ef15acc22e3adf42a28def4f0d00a9e025",
                "sha256:24082be7541d69c12697ffe4a0210c0f9665ad8f783b55e4cb6dcc7d30c16e04",
                "sha256:27569ae60737485c89bba6d6759d54b14966ddaf60e72f834578b0c1deeea73b",
                "sha256:2a1b7c1f555c60785e83a188321a3f8c5047e974ac8556095ca24478471352f9",
                "sha256:36ab0ffc135e47ad1e9fef1622a9464fefbf6cf9d12a2bc15d57f061483af7d6",
                "sha256:374029881bb8a2231d3fc53a0d586e0fa13605af33b18f918d05f0d8de6416a0",
                "sha256:3a093c20d42863d68fe6f7123551d83cf702382c753fd7e35cfc1f4049a576be",
                "sha256:442f115e8121b8837917422a2d6f2854083321460ddd5660e0947d87668e4af2",
                "sha256:5faf2cc6c3aa7e7f2ded2925b8842c3036d9bebee28a24303d7468242ab02394",
                "sha256:7b56e8fd9f13fe7009e20947213f9e10920dd2a743e3a1a00fd112d3546308df",
                "sha256:825b67b4fd0cf4bc1671e01d44560eb42ee0cfadc5c451adf0354a220e55b37f",
                "sha256:a5fb913dee8c0d3aff3446e201bd832fe0936d449c74f53fe4c863d2c27800e7",
                "sha256:ac919e9a8bb4efd1b8694814fa3e0aecb043811fa416d2b70a925eda90245d62",
                "sha256:b84b4d78ac987e07a1e837444c2731b4a72bc7c0a90f3fbf399624d4b379fd2f",
                "sha256:ca67a1154029e3f752305a3b0be28f802ed2272d483c1cf12b6e6e7f4683d319",
                "sha256:d5abbe832c5827fb28c907d4b9c04c7a401764137daaf088a118bec63a5361b9",
                "sha256:dd4688de552fd1e6a78c2df2d64785e8c42def6d482d75104ca9f47daa753216",
                "sha256:e20b1ff15c6207107d0c206529add2900594a9476ea1f35694bba073d939a339",
                "sha256:e330a3cac502403200c1e195fcf70db4147ef6a767e72be21143c6e40eeab711",
                "sha256:e54c1541a19162336a9a2121af63ac1383c0fd0202cbff43cdb0eb0065d9793c",
                "sha256:ee46ff67d232fb6e8894d2e1cf15ef330b4dc98c7570d0b829d8c087029f675a",
                "sha256:fef0dd242d793dbe1c7ff2f4de7c51f75893f2384347062fbd2e64ad1942f7ec"
            ],
            "index": "pypi",
            "version": "==3.4.2.17"
        },
        "pathspec": {
            "hashes": [
                "sha256:86379d6b86d75816baba717e64b1a3a3469deb93bb76d613c9ce79edc5cb68fd",
                "sha256:aa0cb481c4041bf52ffa7b0d8fa6cd3e88a2ca4879c533c9153882ee2556790d"
            ],
            "version": "==0.8.1"
        },
        "pillow": {
            "hashes": [
                "sha256:006de60d7580d81f4a1a7e9f0173dc90a932e3905cc4d47ea909bc946302311a",
                "sha256:0a2e8d03787ec7ad71dc18aec9367c946ef8ef50e1e78c71f743bc3a770f9fae",
                "sha256:0eeeae397e5a79dc088d8297a4c2c6f901f8fb30db47795113a4a605d0f1e5ce",
                "sha256:11c5c6e9b02c9dac08af04f093eb5a2f84857df70a7d4a6a6ad461aca803fb9e",
                "sha256:2fb113757a369a6cdb189f8df3226e995acfed0a8919a72416626af1a0a71140",
                "sha256:4b0ef2470c4979e345e4e0cc1bbac65fda11d0d7b789dbac035e4c6ce3f98adb",
                "sha256:59e903ca800c8cfd1ebe482349ec7c35687b95e98cefae213e271c8c7fffa021",
                "sha256:5abd653a23c35d980b332bc0431d39663b1709d64142e3652890df4c9b6970f6",
                "sha256:5f9403af9c790cc18411ea398a6950ee2def2a830ad0cfe6dc9122e6d528b302",
                "sha256:6b4a8fd632b4ebee28282a9fef4c341835a1aa8671e2770b6f89adc8e8c2703c",
                "sha256:6c1aca8231625115104a06e4389fcd9ec88f0c9befbabd80dc206c35561be271",
                "sha256:795e91a60f291e75de2e20e6bdd67770f793c8605b553cb6e4387ce0cb302e09",
                "sha256:7ba0ba61252ab23052e642abdb17fd08fdcfdbbf3b74c969a30c58ac1ade7cd3",
                "sha256:7c9401e68730d6c4245b8e361d3d13e1035cbc94db86b49dc7da8bec235d0015",
                "sha256:81f812d8f5e8a09b246515fac141e9d10113229bc33ea073fec11403b016bcf3",
                "sha256:895d54c0ddc78a478c80f9c438579ac15f3e27bf442c2a9aa74d41d0e4d12544",
                "sha256:8de332053707c80963b589b22f8e0229f1be1f3ca862a932c1bcd48dafb18dd8",
                "sha256:92c882b70a40c79de9f5294dc99390671e07fc0b0113d472cbea3fde15db1792",
                "sha256:95edb1ed513e68bddc2aee3de66ceaf743590bf16c023fb9977adc4be15bd3f0",
                "sha256:b63d4ff734263ae4ce6593798bcfee6dbfb00523c82753a3a03cbc05555a9cc3",
                "sha256:bd7bf289e05470b1bc74889d1466d9ad4a56d201f24397557b6f65c24a6844b8",
                "sha256:cc3ea6b23954da84dbee8025c616040d9aa5eaf34ea6895a0a762ee9d3e12e11",
                "sha256:cc9ec588c6ef3a1325fa032ec14d97b7309db493782ea8c304666fb10c3bd9a7",
                "sha256:d3d07c86d4efa1facdf32aa878bd508c0dc4f87c48125cc16b937baa4e5b5e11",
                "sha256:d8a96747df78cda35980905bf26e72960cba6d355ace4780d4bdde3b217cdf1e",
                "sha256:e38d58d9138ef972fceb7aeec4be02e3f01d383723965bfcef14d174c8ccd039",
                "sha256:eb472586374dc66b31e36e14720747595c2b265ae962987261f044e5cce644b5",
                "sha256:fbd922f702582cb0d71ef94442bfca57624352622d75e3be7a1e7e9360b07e72"
            ],
            "index": "pypi",
            "version": "==8.0.1"
        },
        "protobuf": {
            "hashes": [
                "sha256:0e247612fadda953047f53301a7b0407cb0c3cb4ae25a6fde661597a04039b3c",
                "sha256:0fc96785262042e4863b3f3b5c429d4636f10d90061e1840fce1baaf59b1a836",
                "sha256:1c51fda1bbc9634246e7be6016d860be01747354ed7015ebe38acf4452f470d2",
                "sha256:1d63eb389347293d8915fb47bee0951c7b5dab522a4a60118b9a18f33e21f8ce",
                "sha256:22bcd2e284b3b1d969c12e84dc9b9a71701ec82d8ce975fdda19712e1cfd4e00",
                "sha256:2a7e2fe101a7ace75e9327b9c946d247749e564a267b0515cf41dfe450b69bac",
                "sha256:43b554b9e73a07ba84ed6cf25db0ff88b1e06be610b37656e292e3cbb5437472",
                "sha256:4b74301b30513b1a7494d3055d95c714b560fbb630d8fb9956b6f27992c9f980",
                "sha256:4e75105c9dfe13719b7293f75bd53033108f4ba03d44e71db0ec2a0e8401eafd",
                "sha256:5b7a637212cc9b2bcf85dd828b1178d19efdf74dbfe1ddf8cd1b8e01fdaaa7f5",
                "sha256:5e9806a43232a1fa0c9cf5da8dc06f6910d53e4390be1fa06f06454d888a9142",
                "sha256:629b03fd3caae7f815b0c66b41273f6b1900a579e2ccb41ef4493a4f5fb84f3a",
                "sha256:72230ed56f026dd664c21d73c5db73ebba50d924d7ba6b7c0d81a121e390406e",
                "sha256:86a75477addde4918e9a1904e5c6af8d7b691f2a3f65587d73b16100fbe4c3b2",
                "sha256:8971c421dbd7aad930c9bd2694122f332350b6ccb5202a8b7b06f3f1a5c41ed5",
                "sha256:9616f0b65a30851e62f1713336c931fcd32c057202b7ff2cfbfca0fc7d5e3043",
                "sha256:b0d5d35faeb07e22a1ddf8dce620860c8fe145426c02d1a0ae2688c6e8ede36d",
                "sha256:ecc33531a213eee22ad60e0e2aaea6c8ba0021f0cce35dbf0ab03dee6e2a23a1"
            ],
            "version": "==3.14.0"
        },
        "pyparsing": {
            "hashes": [
                "sha256:c203ec8783bf771a155b207279b9bccb8dea02d8f0c9e5f8ead507bc3246ecc1",
                "sha256:ef9d7589ef3c200abe66653d3f1ab1033c3c419ae9b9bdb1240a85b024efc88b"
            ],
            "version": "==2.4.7"
        },
        "pyqt5": {
            "hashes": [
                "sha256:17a6d5258796bae16e447aa3efa00258425c09cf88ef68238762628a5dde7c6f",
                "sha256:4e47021c2b8e89a3bc64247dfb224144e5c8d77e3ab44f3842d120aab6b3cbd4",
                "sha256:b1ea7e82004dc7b311d1e29df2f276461016e2d180e10c73805ace4376125ed9",
                "sha256:b9e7cc3ec69f80834f3f7507478c77e4d42411d5e9e557350e61b2660d12abc2",
                "sha256:d9a76b850246d08da9863189ecb98f6c2aa9b4d97a3e85e29330a264aed0f9a1"
            ],
            "index": "pypi",
            "version": "==5.15.1"
        },
        "pyqt5-sip": {
            "hashes": [
                "sha256:0304ca9114b9817a270f67f421355075b78ff9fc25ac58ffd72c2601109d2194",
                "sha256:0cd969be528c27bbd4755bd323dff4a79a8fdda28215364e6ce3e069cb56c2a9",
                "sha256:2f35e82fd7ec1e1f6716e9154721c7594956a4f5bd4f826d8c6a6453833cc2f0",
                "sha256:30e944db9abee9cc757aea16906d4198129558533eb7fadbe48c5da2bd18e0bd",
                "sha256:34dcd29be47553d5f016ff86e89e24cbc5eebae92eb2f96fb32d2d7ba028c43c",
                "sha256:5a011aeff89660622a6d5c3388d55a9d76932f3b82c95e82fc31abd8b1d2990d",
                "sha256:6c1ebee60f1d2b3c70aff866b7933d8d8d7646011f7c32f9321ee88c290aa4f9",
                "sha256:7b81382ce188d63890a0e35abe0f9bb946cabc873a31873b73583b0fc84ac115",
                "sha256:832fd60a264de4134c2824d393320838f3ab648180c9c357ec58a74524d24507",
                "sha256:84ba7746762bd223bed22428e8561aa267a229c28344c2d28c5d5d3f8970cffb",
                "sha256:9312ec47cac4e33c11503bc1cbeeb0bdae619620472f38e2078c5a51020a930f",
                "sha256:a1b8ef013086e224b8e86c93f880f776d01b59195bdfa2a8e0b23f0480678fec",
                "sha256:a29e2ac399429d3b7738f73e9081e50783e61ac5d29344e0802d0dcd6056c5a2",
                "sha256:b6d42250baec52a5f77de64e2951d001c5501c3a2df2179f625b241cbaec3369",
                "sha256:bb5a87b66fc1445915104ee97f7a20a69decb42f52803e3b0795fa17ff88226c",
                "sha256:c317ab1263e6417c498b81f5c970a9b1af7acefab1f80b4cc0f2f8e661f29fc5",
                "sha256:c9800729badcb247765e4ffe2241549d02da1fa435b9db224845bc37c3e99cb0",
                "sha256:c9d6d448c29dc6606bb7974696608f81f4316c8234f7c7216396ed110075e777",
                "sha256:da9c9f1e65b9d09e73bd75befc82961b6b61b5a3b9d0a7c832168e1415f163c6",
                "sha256:ed897c58acf4a3cdca61469daa31fe6e44c33c6c06a37c3f21fab31780b3b86a",
                "sha256:f168f0a7f32b81bfeffdf003c36f25d81c97dee5eb67072a5183e761fe250f13"
            ],
            "version": "==12.8.1"
        },
        "python-dateutil": {
            "hashes": [
                "sha256:73ebfe9dbf22e832286dafa60473e4cd239f8592f699aa5adaf10050e6e1823c",
                "sha256:75bb3f31ea686f1197762692a9ee6a7550b59fc6ca3a1f4b5d7e32fb98e2da2a"
            ],
            "version": "==2.8.1"
        },
        "pyyaml": {
            "hashes": [
                "sha256:06a0d7ba600ce0b2d2fe2e78453a470b5a6e000a985dd4a4e54e436cc36b0e97",
                "sha256:240097ff019d7c70a4922b6869d8a86407758333f02203e0fc6ff79c5dcede76",
                "sha256:4f4b913ca1a7319b33cfb1369e91e50354d6f07a135f3b901aca02aa95940bd2",
                "sha256:6034f55dab5fea9e53f436aa68fa3ace2634918e8b5994d82f3621c04ff5ed2e",
                "sha256:69f00dca373f240f842b2931fb2c7e14ddbacd1397d57157a9b005a6a9942648",
                "sha256:73f099454b799e05e5ab51423c7bcf361c58d3206fa7b0d555426b1f4d9a3eaf",
                "sha256:74809a57b329d6cc0fdccee6318f44b9b8649961fa73144a98735b0aaf029f1f",
                "sha256:7739fc0fa8205b3ee8808aea45e968bc90082c10aef6ea95e855e10abf4a37b2",
                "sha256:95f71d2af0ff4227885f7a6605c37fd53d3a106fcab511b8860ecca9fcf400ee",
                "sha256:ad9c67312c84def58f3c04504727ca879cb0013b2517c85a9a253f0cb6380c0a",
                "sha256:b8eac752c5e14d3eca0e6dd9199cd627518cb5ec06add0de9d32baeee6fe645d",
                "sha256:cc8955cfbfc7a115fa81d85284ee61147059a753344bc51098f3ccd69b0d7e0c",
                "sha256:d13155f591e6fcc1ec3b30685d50bf0711574e2c0dfffd7644babf8b5102ca1a"
            ],
            "version": "==5.3.1"
        },
        "regex": {
            "hashes": [
                "sha256:02951b7dacb123d8ea6da44fe45ddd084aa6777d4b2454fa0da61d569c6fa538",
                "sha256:0d08e71e70c0237883d0bef12cad5145b84c3705e9c6a588b2a9c7080e5af2a4",
                "sha256:1862a9d9194fae76a7aaf0150d5f2a8ec1da89e8b55890b1786b8f88a0f619dc",
                "sha256:1ab79fcb02b930de09c76d024d279686ec5d532eb814fd0ed1e0051eb8bd2daa",
                "sha256:1fa7ee9c2a0e30405e21031d07d7ba8617bc590d391adfc2b7f1e8b99f46f444",
                "sha256:262c6825b309e6485ec2493ffc7e62a13cf13fb2a8b6d212f72bd53ad34118f1",
                "sha256:2a11a3e90bd9901d70a5b31d7dd85114755a581a5da3fc996abfefa48aee78af",
                "sha256:2c99e97d388cd0a8d30f7c514d67887d8021541b875baf09791a3baad48bb4f8",
                "sha256:3128e30d83f2e70b0bed9b2a34e92707d0877e460b402faca908c6667092ada9",
                "sha256:38c8fd190db64f513fe4e1baa59fed086ae71fa45083b6936b52d34df8f86a88",
                "sha256:3bddc701bdd1efa0d5264d2649588cbfda549b2899dc8d50417e47a82e1387ba",
                "sha256:4902e6aa086cbb224241adbc2f06235927d5cdacffb2425c73e6570e8d862364",
                "sha256:49cae022fa13f09be91b2c880e58e14b6da5d10639ed45ca69b85faf039f7a4e",
                "sha256:56e01daca75eae420bce184edd8bb341c8eebb19dd3bce7266332258f9fb9dd7",
                "sha256:5862975b45d451b6db51c2e654990c1820523a5b07100fc6903e9c86575202a0",
                "sha256:6a8ce43923c518c24a2579fda49f093f1397dad5d18346211e46f134fc624e31",
                "sha256:6c54ce4b5d61a7129bad5c5dc279e222afd00e721bf92f9ef09e4fae28755683",
                "sha256:6e4b08c6f8daca7d8f07c8d24e4331ae7953333dbd09c648ed6ebd24db5a10ee",
                "sha256:717881211f46de3ab130b58ec0908267961fadc06e44f974466d1887f865bd5b",
                "sha256:749078d1eb89484db5f34b4012092ad14b327944ee7f1c4f74d6279a6e4d1884",
                "sha256:7913bd25f4ab274ba37bc97ad0e21c31004224ccb02765ad984eef43e04acc6c",
                "sha256:7a25fcbeae08f96a754b45bdc050e1fb94b95cab046bf56b016c25e9ab127b3e",
                "sha256:83d6b356e116ca119db8e7c6fc2983289d87b27b3fac238cfe5dca529d884562",
                "sha256:8b882a78c320478b12ff024e81dc7d43c1462aa4a3341c754ee65d857a521f85",
                "sha256:8f6a2229e8ad946e36815f2a03386bb8353d4bde368fdf8ca5f0cb97264d3b5c",
                "sha256:9801c4c1d9ae6a70aeb2128e5b4b68c45d4f0af0d1535500884d644fa9b768c6",
                "sha256:a15f64ae3a027b64496a71ab1f722355e570c3fac5ba2801cafce846bf5af01d",
                "sha256:a3d748383762e56337c39ab35c6ed4deb88df5326f97a38946ddd19028ecce6b",
                "sha256:a63f1a07932c9686d2d416fb295ec2c01ab246e89b4d58e5fa468089cab44b70",
                "sha256:b2b1a5ddae3677d89b686e5c625fc5547c6e492bd755b520de5332773a8af06b",
                "sha256:b2f4007bff007c96a173e24dcda236e5e83bde4358a557f9ccf5e014439eae4b",
                "sha256:baf378ba6151f6e272824b86a774326f692bc2ef4cc5ce8d5bc76e38c813a55f",
                "sha256:bafb01b4688833e099d79e7efd23f99172f501a15c44f21ea2118681473fdba0",
                "sha256:bba349276b126947b014e50ab3316c027cac1495992f10e5682dc677b3dfa0c5",
                "sha256:c084582d4215593f2f1d28b65d2a2f3aceff8342aa85afd7be23a9cad74a0de5",
                "sha256:d1ebb090a426db66dd80df8ca85adc4abfcbad8a7c2e9a5ec7513ede522e0a8f",
                "sha256:d2d8ce12b7c12c87e41123997ebaf1a5767a5be3ec545f64675388970f415e2e",
                "sha256:e32f5f3d1b1c663af7f9c4c1e72e6ffe9a78c03a31e149259f531e0fed826512",
                "sha256:e3faaf10a0d1e8e23a9b51d1900b72e1635c2d5b0e1bea1c18022486a8e2e52d",
                "sha256:f7d29a6fc4760300f86ae329e3b6ca28ea9c20823df123a2ea8693e967b29917",
                "sha256:f8f295db00ef5f8bae530fc39af0b40486ca6068733fb860b42115052206466f"
            ],
            "version": "==2020.11.13"
        },
        "scikit-learn": {
            "hashes": [
                "sha256:0a127cc70990d4c15b1019680bfedc7fec6c23d14d3719fdf9b64b22d37cdeca",
                "sha256:0d39748e7c9669ba648acf40fb3ce96b8a07b240db6888563a7cb76e05e0d9cc",
                "sha256:1b8a391de95f6285a2f9adffb7db0892718950954b7149a70c783dc848f104ea",
                "sha256:20766f515e6cd6f954554387dfae705d93c7b544ec0e6c6a5d8e006f6f7ef480",
                "sha256:2aa95c2f17d2f80534156215c87bee72b6aa314a7f8b8fe92a2d71f47280570d",
                "sha256:5ce7a8021c9defc2b75620571b350acc4a7d9763c25b7593621ef50f3bd019a2",
                "sha256:6c28a1d00aae7c3c9568f61aafeaad813f0f01c729bee4fd9479e2132b215c1d",
                "sha256:7671bbeddd7f4f9a6968f3b5442dac5f22bf1ba06709ef888cc9132ad354a9ab",
                "sha256:914ac2b45a058d3f1338d7736200f7f3b094857758895f8667be8a81ff443b5b",
                "sha256:98508723f44c61896a4e15894b2016762a55555fbf09365a0bb1870ecbd442de",
                "sha256:a64817b050efd50f9abcfd311870073e500ae11b299683a519fbb52d85e08d25",
                "sha256:cb3e76380312e1f86abd20340ab1d5b3cc46a26f6593d3c33c9ea3e4c7134028",
                "sha256:d0dcaa54263307075cb93d0bee3ceb02821093b1b3d25f66021987d305d01dce",
                "sha256:d9a1ce5f099f29c7c33181cc4386660e0ba891b21a60dc036bf369e3a3ee3aec",
                "sha256:da8e7c302003dd765d92a5616678e591f347460ac7b53e53d667be7dfe6d1b10",
                "sha256:daf276c465c38ef736a79bd79fc80a249f746bcbcae50c40945428f7ece074f8"
            ],
            "index": "pypi",
            "version": "==0.23.2"
        },
        "scipy": {
            "hashes": [
                "sha256:168c45c0c32e23f613db7c9e4e780bc61982d71dcd406ead746c7c7c2f2004ce",
                "sha256:213bc59191da2f479984ad4ec39406bf949a99aba70e9237b916ce7547b6ef42",
                "sha256:25b241034215247481f53355e05f9e25462682b13bd9191359075682adcd9554",
                "sha256:2c872de0c69ed20fb1a9b9cf6f77298b04a26f0b8720a5457be08be254366c6e",
                "sha256:3397c129b479846d7eaa18f999369a24322d008fac0782e7828fa567358c36ce",
                "sha256:368c0f69f93186309e1b4beb8e26d51dd6f5010b79264c0f1e9ca00cd92ea8c9",
                "sha256:3d5db5d815370c28d938cf9b0809dade4acf7aba57eaf7ef733bfedc9b2474c4",
                "sha256:4598cf03136067000855d6b44d7a1f4f46994164bcd450fb2c3d481afc25dd06",
                "sha256:4a453d5e5689de62e5d38edf40af3f17560bfd63c9c5bd228c18c1f99afa155b",
                "sha256:4f12d13ffbc16e988fa40809cbbd7a8b45bc05ff6ea0ba8e3e41f6f4db3a9e47",
                "sha256:634568a3018bc16a83cda28d4f7aed0d803dd5618facb36e977e53b2df868443",
                "sha256:65923bc3809524e46fb7eb4d6346552cbb6a1ffc41be748535aa502a2e3d3389",
                "sha256:6b0ceb23560f46dd236a8ad4378fc40bad1783e997604ba845e131d6c680963e",
                "sha256:8c8d6ca19c8497344b810b0b0344f8375af5f6bb9c98bd42e33f747417ab3f57",
                "sha256:9ad4fcddcbf5dc67619379782e6aeef41218a79e17979aaed01ed099876c0e62",
                "sha256:a254b98dbcc744c723a838c03b74a8a34c0558c9ac5c86d5561703362231107d",
                "sha256:b03c4338d6d3d299e8ca494194c0ae4f611548da59e3c038813f1a43976cb437",
                "sha256:cc1f78ebc982cd0602c9a7615d878396bec94908db67d4ecddca864d049112f2",
                "sha256:d6d25c41a009e3c6b7e757338948d0076ee1dd1770d1c09ec131f11946883c54",
                "sha256:d84cadd7d7998433334c99fa55bcba0d8b4aeff0edb123b2a1dfcface538e474",
                "sha256:e360cb2299028d0b0d0f65a5c5e51fc16a335f1603aa2357c25766c8dab56938",
                "sha256:e98d49a5717369d8241d6cf33ecb0ca72deee392414118198a8e5b4c35c56340",
                "sha256:ed572470af2438b526ea574ff8f05e7f39b44ac37f712105e57fc4d53a6fb660",
                "sha256:f87b39f4d69cf7d7529d7b1098cb712033b17ea7714aed831b95628f483fd012",
                "sha256:fa789583fc94a7689b45834453fec095245c7e69c58561dc159b5d5277057e4c"
            ],
            "version": "==1.5.4"
        },
        "six": {
            "hashes": [
                "sha256:30639c035cdb23534cd4aa2dd52c3bf48f06e5f4a941509c8bafd8ce11080259",
                "sha256:8b74bedcbbbaca38ff6d7491d76f2b06b3592611af620f8426e82dddb04a5ced"
            ],
            "version": "==1.15.0"
        },
        "tensorboard": {
            "hashes": [
                "sha256:50e0b1bdcd488dbe39fd9416976e089b2ff4df18d9f1fab47abf4c498209c3fc",
                "sha256:c35ba681a52d4922be6b225623cf77285033e7e4e68bac5c1d5490e47d129bb2"
            ],
            "index": "pypi",
            "version": "==1.14.0"
        },
        "tensorflow": {
            "hashes": [
                "sha256:0a3784c6ab223b85a87ba6b752d2e6dc97b9345c078172d9b0bb90f3e448a320",
                "sha256:0a95ab659de39748c418f342fd09bc444a21a7d66f4501593cf7ff6de3c603b1",
                "sha256:2fc989a5d3be9f3dc96c20deaa3d5cc66d2bf76fe069c202c2914a7f4b5a9a35",
                "sha256:4008a56940d23345e52ac4885fb4782604eb02574c2d95f3946f5b6baf0e1276",
                "sha256:4643fcb6aa7bf9261620efe332f821ccdb63422ed5df33479e3c9592659cd64e",
                "sha256:46fc216db780b1a7b7a28cf6536d6ec0a171ef2fa546a24934ffe077c734c891",
                "sha256:5a9555eee142324a1cc3d6a5a9c0c8154ded8d013bf18cb459bc375e5d365191",
                "sha256:5ce034dba1db7cd829af2bf092c48dce96bb3da3e89223d7cb50f3eac2ddc19f",
                "sha256:7dfefd6fc79fed477c2c550cb79f766fb40533e907e4efbfabc81339b45551a4",
                "sha256:a3851118d2cc5e9e697503753c2d247dca0e98d5a85b5ea091103f27d9e57a38",
                "sha256:a4f154fa98cde5974117e05af444e0bed84cf431b8129c78a2de03a1ff7201c9",
                "sha256:c77888375ef02a5e7e55f81572db1bfa41e6f6597ae297e7bdafb22bf633f79e",
                "sha256:d982a6fef251ec1358129213385ec027f87ee72246dffe1136ca6109def209f7",
                "sha256:e20b5d81b07798db5054802405758fb685367772f1d602d359ba60baa34b6b46",
                "sha256:e84f2c8c7f23ad546076b1e73cec85706da19910b9a89c29cba3b64e297b2eb0"
            ],
            "index": "pypi",
            "version": "==1.14"
        },
        "tensorflow-estimator": {
            "hashes": [
                "sha256:ca073f66063407a091d610ec1b22e39ea30248710198cc6f13769320bdbe3992"
            ],
            "version": "==1.14.0"
        },
        "termcolor": {
            "hashes": [
                "sha256:1d6d69ce66211143803fbc56652b41d73b4a400a2891d7bf7a1cdf4c02de613b"
            ],
            "version": "==1.1.0"
        },
        "threadpoolctl": {
            "hashes": [
                "sha256:38b74ca20ff3bb42caca8b00055111d74159ee95c4370882bbff2b93d24da725",
                "sha256:ddc57c96a38beb63db45d6c159b5ab07b6bced12c45a1f07b2b92f272aebfa6b"
            ],
            "version": "==2.1.0"
        },
        "toml": {
            "hashes": [
                "sha256:806143ae5bfb6a3c6e736a764057db0e6a0e05e338b5630894a5f779cabb4f9b",
                "sha256:b3bda1d108d5dd99f4a20d24d9c348e91c4db7ab1b749200bded2f839ccbe68f"
            ],
            "version": "==0.10.2"
        },
        "typed-ast": {
            "hashes": [
                "sha256:0666aa36131496aed8f7be0410ff974562ab7eeac11ef351def9ea6fa28f6355",
                "sha256:0c2c07682d61a629b68433afb159376e24e5b2fd4641d35424e462169c0a7919",
                "sha256:0d8110d78a5736e16e26213114a38ca35cb15b6515d535413b090bd50951556d",
                "sha256:249862707802d40f7f29f6e1aad8d84b5aa9e44552d2cc17384b209f091276aa",
                "sha256:24995c843eb0ad11a4527b026b4dde3da70e1f2d8806c99b7b4a7cf491612652",
                "sha256:269151951236b0f9a6f04015a9004084a5ab0d5f19b57de779f908621e7d8b75",
                "sha256:3742b32cf1c6ef124d57f95be609c473d7ec4c14d0090e5a5e05a15269fb4d0c",
                "sha256:4083861b0aa07990b619bd7ddc365eb7fa4b817e99cf5f8d9cf21a42780f6e01",
                "sha256:498b0f36cc7054c1fead3d7fc59d2150f4d5c6c56ba7fb150c013fbc683a8d2d",
                "sha256:4e3e5da80ccbebfff202a67bf900d081906c358ccc3d5e3c8aea42fdfdfd51c1",
                "sha256:6daac9731f172c2a22ade6ed0c00197ee7cc1221aa84cfdf9c31defeb059a907",
                "sha256:715ff2f2df46121071622063fc7543d9b1fd19ebfc4f5c8895af64a77a8c852c",
                "sha256:73d785a950fc82dd2a25897d525d003f6378d1cb23ab305578394694202a58c3",
                "sha256:7e4c9d7658aaa1fc80018593abdf8598bf91325af6af5cce4ce7c73bc45ea53d",
                "sha256:8c8aaad94455178e3187ab22c8b01a3837f8ee50e09cf31f1ba129eb293ec30b",
                "sha256:8ce678dbaf790dbdb3eba24056d5364fb45944f33553dd5869b7580cdbb83614",
                "sha256:92c325624e304ebf0e025d1224b77dd4e6393f18aab8d829b5b7e04afe9b7a2c",
                "sha256:aaee9905aee35ba5905cfb3c62f3e83b3bec7b39413f0a7f19be4e547ea01ebb",
                "sha256:b52ccf7cfe4ce2a1064b18594381bccf4179c2ecf7f513134ec2f993dd4ab395",
                "sha256:bcd3b13b56ea479b3650b82cabd6b5343a625b0ced5429e4ccad28a8973f301b",
                "sha256:c9e348e02e4d2b4a8b2eedb48210430658df6951fa484e59de33ff773fbd4b41",
                "sha256:d205b1b46085271b4e15f670058ce182bd1199e56b317bf2ec004b6a44f911f6",
                "sha256:d43943ef777f9a1c42bf4e552ba23ac77a6351de620aa9acf64ad54933ad4d34",
                "sha256:d5d33e9e7af3b34a40dc05f498939f0ebf187f07c385fd58d591c533ad8562fe",
                "sha256:d648b8e3bf2fe648745c8ffcee3db3ff903d0817a01a12dd6a6ea7a8f4889072",
                "sha256:f208eb7aff048f6bea9586e61af041ddf7f9ade7caed625742af423f6bae3298",
                "sha256:fac11badff8313e23717f3dada86a15389d0708275bddf766cca67a84ead3e91",
                "sha256:fc0fea399acb12edbf8a628ba8d2312f583bdbdb3335635db062fa98cf71fca4",
                "sha256:fcf135e17cc74dbfbc05894ebca928ffeb23d9790b3167a674921db19082401f",
                "sha256:fe460b922ec15dd205595c9b5b99e2f056fd98ae8f9f56b888e7a17dc2b757e7"
            ],
            "version": "==1.4.1"
        },
        "typing-extensions": {
            "hashes": [
                "sha256:7cb407020f00f7bfc3cb3e7881628838e69d8f3fcab2f64742a5e76b2f841918",
                "sha256:99d4073b617d30288f569d3f13d2bd7548c3a7e4c8de87db09a9d29bb3a4a60c",
                "sha256:dafc7639cde7f1b6e1acc0f457842a83e722ccca8eef5270af2d74792619a89f"
            ],
            "markers": "python_version < '3.8'",
            "version": "==3.7.4.3"
        },
        "werkzeug": {
            "hashes": [
                "sha256:2de2a5db0baeae7b2d2664949077c2ac63fbd16d98da0ff71837f7d1dea3fd43",
                "sha256:6c80b1e5ad3665290ea39320b91e1be1e0d5f60652b964a3070216de83d2e47c"
            ],
            "version": "==1.0.1"
        },
        "wheel": {
            "hashes": [
                "sha256:78b5b185f0e5763c26ca1e324373aadd49182ca90e825f7853f4b2509215dc0e",
                "sha256:e11eefd162658ea59a60a0f6c7d493a7190ea4b9a85e335b33489d9f17e0245e"
            ],
            "markers": "python_version >= '3'",
            "version": "==0.36.2"
        },
        "wrapt": {
            "hashes": [
                "sha256:b62ffa81fb85f4332a4f609cab4ac40709470da05643a082ec1eb88e6d9b97d7"
            ],
            "version": "==1.12.1"
        },
        "zipp": {
            "hashes": [
                "sha256:102c24ef8f171fd729d46599845e95c7ab894a4cf45f5de11a44cc7444fb1108",
                "sha256:ed5eee1974372595f9e416cc7bbeeb12335201d8081ca8a0743c954d4446e5cb"
            ],
            "version": "==3.4.0"
        }
    },
    "develop": {}
}
